
Microsoft Visual Studio Solution File, Format Version 12.00
# Visual Studio 15
VisualStudioVersion = 15.0.28307.168
MinimumVisualStudioVersion = 10.0.40219.1
Project("{FAE04EC0-301F-11D3-BF4B-00C04F79EFBC}") = "Jeopardy", "Jeopardy\Jeopardy.csproj", "{77192E1C-E577-4633-9388-EC26B233826B}"
EndProject
Project("{FAE04EC0-301F-11D3-BF4B-00C04F79EFBC}") = "Jeopardy.UnitTests", "Jeopardy.UnitTests\Jeopardy.UnitTests.csproj", "{409001A1-8A68-4098-B56F-9EA1704008B2}"
EndProject
Project("{54435603-DBB4-11D2-8724-00A0C9A8B90C}") = "JeopardyInstaller", "JeopardyInstaller\JeopardyInstaller.vdproj", "{F41F2D82-5138-4EC3-9478-73832F56523B}"
EndProject
Global
	GlobalSection(SolutionConfigurationPlatforms) = preSolution
		Debug|Any CPU = Debug|Any CPU
		Release|Any CPU = Release|Any CPU
	EndGlobalSection
	GlobalSection(ProjectConfigurationPlatforms) = postSolution
		{77192E1C-E577-4633-9388-EC26B233826B}.Debug|Any CPU.ActiveCfg = Debug|Any CPU
		{77192E1C-E577-4633-9388-EC26B233826B}.Debug|Any CPU.Build.0 = Debug|Any CPU
		{77192E1C-E577-4633-9388-EC26B233826B}.Release|Any CPU.ActiveCfg = Release|Any CPU
		{77192E1C-E577-4633-9388-EC26B233826B}.Release|Any CPU.Build.0 = Release|Any CPU
		{409001A1-8A68-4098-B56F-9EA1704008B2}.Debug|Any CPU.ActiveCfg = Debug|Any CPU
		{409001A1-8A68-4098-B56F-9EA1704008B2}.Debug|Any CPU.Build.0 = Debug|Any CPU
		{409001A1-8A68-4098-B56F-9EA1704008B2}.Release|Any CPU.ActiveCfg = Release|Any CPU
		{409001A1-8A68-4098-B56F-9EA1704008B2}.Release|Any CPU.Build.0 = Release|Any CPU
		{F41F2D82-5138-4EC3-9478-73832F56523B}.Debug|Any CPU.ActiveCfg = Debug
		{F41F2D82-5138-4EC3-9478-73832F56523B}.Release|Any CPU.ActiveCfg = Release
	EndGlobalSection
	GlobalSection(SolutionProperties) = preSolution
		HideSolutionNode = FALSE
	EndGlobalSection
	GlobalSection(ExtensibilityGlobals) = postSolution
		SolutionGuid = {87123C68-D9B4-4438-810B-F40AC951A507}
	EndGlobalSection
EndGlobal
